
Microsoft Visual Studio Solution File, Format Version 12.00
# Visual Studio Version 16
VisualStudioVersion = 16.0.29709.97
MinimumVisualStudioVersion = 10.0.40219.1
Project("{FAE04EC0-301F-11D3-BF4B-00C04F79EFBC}") = "MandatoryGame", "MandatoryGame\MandatoryGame.csproj", "{CC20FB2D-FB1B-42FD-84AA-2AFA5A7C2C90}"
EndProject
Project("{FAE04EC0-301F-11D3-BF4B-00C04F79EFBC}") = "Library", "Library\Library.csproj", "{B4701480-518A-486A-9920-F6F92E4C614A}"
EndProject
Global
	GlobalSection(SolutionConfigurationPlatforms) = preSolution
		Debug|Any CPU = Debug|Any CPU
		Release|Any CPU = Release|Any CPU
	EndGlobalSection
	GlobalSection(ProjectConfigurationPlatforms) = postSolution
		{CC20FB2D-FB1B-42FD-84AA-2AFA5A7C2C90}.Debug|Any CPU.ActiveCfg = Debug|Any CPU
		{CC20FB2D-FB1B-42FD-84AA-2AFA5A7C2C90}.Debug|Any CPU.Build.0 = Debug|Any CPU
		{CC20FB2D-FB1B-42FD-84AA-2AFA5A7C2C90}.Release|Any CPU.ActiveCfg = Release|Any CPU
		{CC20FB2D-FB1B-42FD-84AA-2AFA5A7C2C90}.Release|Any CPU.Build.0 = Release|Any CPU
		{B4701480-518A-486A-9920-F6F92E4C614A}.Debug|Any CPU.ActiveCfg = Debug|Any CPU
		{B4701480-518A-486A-9920-F6F92E4C614A}.Debug|Any CPU.Build.0 = Debug|Any CPU
		{B4701480-518A-486A-9920-F6F92E4C614A}.Release|Any CPU.ActiveCfg = Release|Any CPU
		{B4701480-518A-486A-9920-F6F92E4C614A}.Release|Any CPU.Build.0 = Release|Any CPU
	EndGlobalSection
	GlobalSection(SolutionProperties) = preSolution
		HideSolutionNode = FALSE
	EndGlobalSection
	GlobalSection(ExtensibilityGlobals) = postSolution
		SolutionGuid = {EE2150F8-6733-4071-8033-7C97FE5C5756}
	EndGlobalSection
EndGlobal
